{
  "version": 4,
  "terraform_version": "0.13.1",
  "serial": 10,
  "lineage": "7d231691-8eb3-9b16-da50-b17600a600bb",
  "outputs": {},
  "resources": [
    {
      "mode": "data",
      "type": "digitalocean_ssh_key",
      "name": "terraform",
      "provider": "provider[\"registry.terraform.io/digitalocean/digitalocean\"]",
      "instances": [
        {
          "schema_version": 0,
          "attributes": {
            "fingerprint": "fb:e1:35:25:2c:5b:89:66:ed:be:81:bd:69:a6:89:f5",
            "id": "29449955",
            "name": "ssh_key_1",
            "public_key": "ssh-rsa AAAAB3NzaC1yc2EAAAADAQABAAABAQC3Wrum8USTxzfqXOs/cShuQ5vHVKB0woA2356Trql8qoMwxHqd0o1yjb4HPVrK+EEZPvpCXINYzI3qg7qva1/zaqrf5frTIgAEaUL6oAzI98szyaRHaIcnuX7cTm0egeoAmkKrlomkcAethabY4Xe4hOjzYkl5+LQhJcZid3Dp9iEQXnb9nYgsXpFfMFZhQfv/PTFq75wxWbUAtgcynPe7DrDpBt+QER84nZOtT17yLCiqVPGiDsE/nRxQUCBlfaILs2FVgTC4WR96+JUNCumwTIb1C+q4h31sI8rKB4X9vcrk34u/dpym5ckGyR+qTp0goU1GrDOZQfFxuuMDrr6b alex@Alexeys-MacBook-Pro.local"
          }
        }
      ]
    },
    {
      "mode": "managed",
      "type": "digitalocean_domain",
      "name": "default",
      "provider": "provider[\"registry.terraform.io/digitalocean/digitalocean\"]",
      "instances": [
        {
          "schema_version": 0,
          "attributes": {
            "id": "tfdomain.com",
            "ip_address": "164.90.242.184",
            "name": "tfdomain.com",
            "urn": "do:domain:tfdomain.com"
          },
          "private": "bnVsbA==",
          "dependencies": [
            "digitalocean_loadbalancer.www-lb"
          ]
        }
      ]
    },
    {
      "mode": "managed",
      "type": "digitalocean_droplet",
      "name": "www-1",
      "provider": "provider[\"registry.terraform.io/digitalocean/digitalocean\"]",
      "instances": [
        {
          "schema_version": 1,
          "attributes": {
            "backups": false,
            "created_at": "2021-01-23T07:46:15Z",
            "disk": 25,
            "id": "227845137",
            "image": "ubuntu-18-04-x64",
            "ipv4_address": "46.101.106.102",
            "ipv4_address_private": "10.135.0.2",
            "ipv6": false,
            "ipv6_address": "",
            "ipv6_address_private": null,
            "locked": false,
            "memory": 1024,
            "monitoring": false,
            "name": "www-1",
            "price_hourly": 0.00744,
            "price_monthly": 5,
            "private_networking": true,
            "region": "fra1",
            "resize_disk": true,
            "size": "s-1vcpu-1gb",
            "ssh_keys": [
              "29449955"
            ],
            "status": "active",
            "tags": [],
            "urn": "do:droplet:227845137",
            "user_data": null,
            "vcpus": 1,
            "volume_ids": [],
            "vpc_uuid": "fc7cd79d-dc84-11e8-8b13-3cfdfea9f160"
          },
          "private": "eyJzY2hlbWFfdmVyc2lvbiI6IjEifQ==",
          "dependencies": [
            "data.digitalocean_ssh_key.terraform"
          ]
        }
      ]
    },
    {
      "mode": "managed",
      "type": "digitalocean_droplet",
      "name": "www-2",
      "provider": "provider[\"registry.terraform.io/digitalocean/digitalocean\"]",
      "instances": [
        {
          "schema_version": 1,
          "attributes": {
            "backups": false,
            "created_at": "2021-01-26T20:00:18Z",
            "disk": 25,
            "id": "228456339",
            "image": "ubuntu-18-04-x64",
            "ipv4_address": "167.172.166.83",
            "ipv4_address_private": "10.135.0.3",
            "ipv6": false,
            "ipv6_address": "",
            "ipv6_address_private": null,
            "locked": false,
            "memory": 1024,
            "monitoring": false,
            "name": "www-2",
            "price_hourly": 0.00744,
            "price_monthly": 5,
            "private_networking": true,
            "region": "fra1",
            "resize_disk": true,
            "size": "s-1vcpu-1gb",
            "ssh_keys": [
              "29449955"
            ],
            "status": "active",
            "tags": [],
            "urn": "do:droplet:228456339",
            "user_data": null,
            "vcpus": 1,
            "volume_ids": [],
            "vpc_uuid": "fc7cd79d-dc84-11e8-8b13-3cfdfea9f160"
          },
          "private": "eyJzY2hlbWFfdmVyc2lvbiI6IjEifQ==",
          "dependencies": [
            "data.digitalocean_ssh_key.terraform"
          ]
        }
      ]
    },
    {
      "mode": "managed",
      "type": "digitalocean_loadbalancer",
      "name": "www-lb",
      "provider": "provider[\"registry.terraform.io/digitalocean/digitalocean\"]",
      "instances": [
        {
          "schema_version": 0,
          "attributes": {
            "algorithm": "round_robin",
            "droplet_ids": [
              227845137,
              228456339
            ],
            "droplet_tag": "",
            "enable_backend_keepalive": false,
            "enable_proxy_protocol": false,
            "forwarding_rule": [
              {
                "certificate_id": "",
                "entry_port": 80,
                "entry_protocol": "http",
                "target_port": 80,
                "target_protocol": "http",
                "tls_passthrough": false
              }
            ],
            "healthcheck": [
              {
                "check_interval_seconds": 10,
                "healthy_threshold": 5,
                "path": "",
                "port": 22,
                "protocol": "tcp",
                "response_timeout_seconds": 5,
                "unhealthy_threshold": 3
              }
            ],
            "id": "3480314c-5889-4212-9c51-1de21a5916ae",
            "ip": "164.90.242.184",
            "name": "www-lb",
            "redirect_http_to_https": false,
            "region": "fra1",
            "status": "active",
            "sticky_sessions": [
              {
                "cookie_name": "",
                "cookie_ttl_seconds": 0,
                "type": "none"
              }
            ],
            "urn": "do:loadbalancer:3480314c-5889-4212-9c51-1de21a5916ae",
            "vpc_uuid": "fc7cd79d-dc84-11e8-8b13-3cfdfea9f160"
          },
          "private": "bnVsbA==",
          "dependencies": [
            "digitalocean_droplet.www-1",
            "digitalocean_droplet.www-2"
          ]
        }
      ]
    },
    {
      "mode": "managed",
      "type": "digitalocean_record",
      "name": "CNAME-www",
      "provider": "provider[\"registry.terraform.io/digitalocean/digitalocean\"]",
      "instances": [
        {
          "schema_version": 0,
          "attributes": {
            "domain": "tfdomain.com",
            "flags": 0,
            "fqdn": "www.tfdomain.com",
            "id": "134151457",
            "name": "www",
            "port": 0,
            "priority": 0,
            "tag": "",
            "ttl": 1800,
            "type": "CNAME",
            "value": "@",
            "weight": 0
          },
          "private": "bnVsbA==",
          "dependencies": [
            "digitalocean_domain.default",
            "digitalocean_loadbalancer.www-lb"
          ]
        }
      ]
    }
  ]
}
